// !$*UTF8*$!
{
	archiveVersion = 1;
	classes = {
	};
	objectVersion = 77;
	objects = {

/* Begin PBXBuildFile section */
		4A94D77231F2A00100A1B001 /* RemoteModels.swift in Sources */ = {isa = PBXBuildFile; fileRef = 4A94D77131F2A00100A1B001 /* RemoteModels.swift */; };
		4A94D77431F2A00100A1B001 /* TerminalView.swift in Sources */ = {isa = PBXBuildFile; fileRef = 4A94D77331F2A00100A1B001 /* TerminalView.swift */; };
		4A94D77631F2A00100A1B001 /* ApprovalsView.swift in Sources */ = {isa = PBXBuildFile; fileRef = 4A94D77531F2A00100A1B001 /* ApprovalsView.swift */; };
		4A94D77831F2A00100A1B001 /* SettingsView.swift in Sources */ = {isa = PBXBuildFile; fileRef = 4A94D77731F2A00100A1B001 /* SettingsView.swift */; };
		4A94D78031F2A00100A1B001 /* RemoteActivityURLAction.swift in Sources */ = {isa = PBXBuildFile; fileRef = 4A94D77931F2A00100A1B001 /* RemoteActivityURLAction.swift */; };
		4A94D78231F2A00100A1B001 /* RemoteActivityAttributes.swift in Sources */ = {isa = PBXBuildFile; fileRef = 4A94D78131F2A00100A1B001 /* RemoteActivityAttributes.swift */; };
		4A94D78431F2A00100A1B001 /* RemoteLiveActivityManager.swift in Sources */ = {isa = PBXBuildFile; fileRef = 4A94D78331F2A00100A1B001 /* RemoteLiveActivityManager.swift */; };
		4A94D78631F2A00100A1B001 /* Chau7RemoteWidget.swift in Sources */ = {isa = PBXBuildFile; fileRef = 4A94D78531F2A00100A1B001 /* Chau7RemoteWidget.swift */; };
		4A94D78731F2A00100A1B001 /* RemoteActivityAttributes.swift in Sources */ = {isa = PBXBuildFile; fileRef = 4A94D78131F2A00100A1B001 /* RemoteActivityAttributes.swift */; };
		4A94D78E31F2A00100A1B001 /* Chau7RemoteWidget.appex in Embed App Extensions */ = {isa = PBXBuildFile; fileRef = 4A94D78931F2A00100A1B001 /* Chau7RemoteWidget.appex */; settings = {ATTRIBUTES = (RemoveHeadersOnCopy, ); }; };
		84B3034D2F3107BB00A7D19E /* KeychainStore.swift in Sources */ = {isa = PBXBuildFile; fileRef = 84B303492F3107BB00A7D19E /* KeychainStore.swift */; };
		84B3034E2F3107BB00A7D19E /* RemoteCrypto.swift in Sources */ = {isa = PBXBuildFile; fileRef = 84B3034C2F3107BB00A7D19E /* RemoteCrypto.swift */; };
		84B3034F2F3107BB00A7D19E /* PairingSheetView.swift in Sources */ = {isa = PBXBuildFile; fileRef = 84B3034A2F3107BB00A7D19E /* PairingSheetView.swift */; };
		84B303502F3107BB00A7D19E /* Chau7RemoteApp.swift in Sources */ = {isa = PBXBuildFile; fileRef = 84B303482F3107BB00A7D19E /* Chau7RemoteApp.swift */; };
		84B303512F3107BB00A7D19E /* RemoteClient.swift in Sources */ = {isa = PBXBuildFile; fileRef = 84B3034B2F3107BB00A7D19E /* RemoteClient.swift */; };
		D82AA425310A4B9696EE10FB /* Chau7Core in Frameworks */ = {isa = PBXBuildFile; productRef = A34D4B59796146F1BDF72F8E /* Chau7Core */; };
		F1A4000131F2A00100A1B001 /* Chau7Core in Frameworks */ = {isa = PBXBuildFile; productRef = F1A4000031F2A00100A1B001 /* Chau7Core */; };
/* End PBXBuildFile section */

/* Begin PBXContainerItemProxy section */
		F1A4000631F2A00100A1B001 /* PBXContainerItemProxy */ = {
			isa = PBXContainerItemProxy;
			containerPortal = 84B303322F31076300A7D19E /* Project object */;
			proxyType = 1;
			remoteGlobalIDString = F1A4000531F2A00100A1B001;
			remoteInfo = Chau7RemoteWidget;
		};
/* End PBXContainerItemProxy section */

/* Begin PBXCopyFilesBuildPhase section */
		F1A4000731F2A00100A1B001 /* Embed App Extensions */ = {
			isa = PBXCopyFilesBuildPhase;
			buildActionMask = 2147483647;
			dstPath = "";
			dstSubfolderSpec = 13;
			files = (
				4A94D78E31F2A00100A1B001 /* Chau7RemoteWidget.appex in Embed App Extensions */,
			);
			name = "Embed App Extensions";
			runOnlyForDeploymentPostprocessing = 0;
		};
/* End PBXCopyFilesBuildPhase section */

/* Begin PBXFileReference section */
		4A94D77131F2A00100A1B001 /* RemoteModels.swift */ = {isa = PBXFileReference; lastKnownFileType = sourcecode.swift; path = RemoteModels.swift; sourceTree = "<group>"; };
		4A94D77331F2A00100A1B001 /* TerminalView.swift */ = {isa = PBXFileReference; lastKnownFileType = sourcecode.swift; path = TerminalView.swift; sourceTree = "<group>"; };
		4A94D77531F2A00100A1B001 /* ApprovalsView.swift */ = {isa = PBXFileReference; lastKnownFileType = sourcecode.swift; path = ApprovalsView.swift; sourceTree = "<group>"; };
		4A94D77731F2A00100A1B001 /* SettingsView.swift */ = {isa = PBXFileReference; lastKnownFileType = sourcecode.swift; path = SettingsView.swift; sourceTree = "<group>"; };
		4A94D77931F2A00100A1B001 /* RemoteActivityURLAction.swift */ = {isa = PBXFileReference; lastKnownFileType = sourcecode.swift; path = RemoteActivityURLAction.swift; sourceTree = "<group>"; };
		4A94D78131F2A00100A1B001 /* RemoteActivityAttributes.swift */ = {isa = PBXFileReference; lastKnownFileType = sourcecode.swift; path = RemoteActivityAttributes.swift; sourceTree = "<group>"; };
		4A94D78331F2A00100A1B001 /* RemoteLiveActivityManager.swift */ = {isa = PBXFileReference; lastKnownFileType = sourcecode.swift; path = RemoteLiveActivityManager.swift; sourceTree = "<group>"; };
		4A94D78531F2A00100A1B001 /* Chau7RemoteWidget.swift */ = {isa = PBXFileReference; lastKnownFileType = sourcecode.swift; path = Chau7RemoteWidget.swift; sourceTree = "<group>"; };
		4A94D78831F2A00100A1B001 /* Info.plist */ = {isa = PBXFileReference; lastKnownFileType = text.plist.xml; path = Info.plist; sourceTree = "<group>"; };
		4A94D78931F2A00100A1B001 /* Chau7RemoteWidget.appex */ = {isa = PBXFileReference; explicitFileType = "wrapper.app-extension"; includeInIndex = 0; path = Chau7RemoteWidget.appex; sourceTree = BUILT_PRODUCTS_DIR; };
		84B3033A2F31076300A7D19E /* Chau7RemoteApp.app */ = {isa = PBXFileReference; explicitFileType = wrapper.application; includeInIndex = 0; path = Chau7RemoteApp.app; sourceTree = BUILT_PRODUCTS_DIR; };
		84B303482F3107BB00A7D19E /* Chau7RemoteApp.swift */ = {isa = PBXFileReference; lastKnownFileType = sourcecode.swift; path = Chau7RemoteApp.swift; sourceTree = "<group>"; };
		84B303492F3107BB00A7D19E /* KeychainStore.swift */ = {isa = PBXFileReference; lastKnownFileType = sourcecode.swift; path = KeychainStore.swift; sourceTree = "<group>"; };
		84B3034A2F3107BB00A7D19E /* PairingSheetView.swift */ = {isa = PBXFileReference; lastKnownFileType = sourcecode.swift; path = PairingSheetView.swift; sourceTree = "<group>"; };
		84B3034B2F3107BB00A7D19E /* RemoteClient.swift */ = {isa = PBXFileReference; lastKnownFileType = sourcecode.swift; path = RemoteClient.swift; sourceTree = "<group>"; };
		84B3034C2F3107BB00A7D19E /* RemoteCrypto.swift */ = {isa = PBXFileReference; lastKnownFileType = sourcecode.swift; path = RemoteCrypto.swift; sourceTree = "<group>"; };
/* End PBXFileReference section */

/* Begin PBXFileSystemSynchronizedRootGroup section */
		84B3033C2F31076300A7D19E /* Chau7RemoteApp */ = {
			isa = PBXFileSystemSynchronizedRootGroup;
			path = Chau7RemoteApp;
			sourceTree = "<group>";
		};
/* End PBXFileSystemSynchronizedRootGroup section */

/* Begin PBXFrameworksBuildPhase section */
		84B303372F31076300A7D19E /* Frameworks */ = {
			isa = PBXFrameworksBuildPhase;
			buildActionMask = 2147483647;
			files = (
				D82AA425310A4B9696EE10FB /* Chau7Core in Frameworks */,
			);
			runOnlyForDeploymentPostprocessing = 0;
		};
		F1A4000931F2A00100A1B001 /* Frameworks */ = {
			isa = PBXFrameworksBuildPhase;
			buildActionMask = 2147483647;
			files = (
				F1A4000131F2A00100A1B001 /* Chau7Core in Frameworks */,
			);
			runOnlyForDeploymentPostprocessing = 0;
		};
/* End PBXFrameworksBuildPhase section */

/* Begin PBXGroup section */
		84B303312F31076300A7D19E = {
			isa = PBXGroup;
			children = (
				84B303482F3107BB00A7D19E /* Chau7RemoteApp.swift */,
				84B303492F3107BB00A7D19E /* KeychainStore.swift */,
				84B3034A2F3107BB00A7D19E /* PairingSheetView.swift */,
				84B3034B2F3107BB00A7D19E /* RemoteClient.swift */,
				84B3034C2F3107BB00A7D19E /* RemoteCrypto.swift */,
				4A94D77131F2A00100A1B001 /* RemoteModels.swift */,
				4A94D77331F2A00100A1B001 /* TerminalView.swift */,
				4A94D77531F2A00100A1B001 /* ApprovalsView.swift */,
				4A94D77731F2A00100A1B001 /* SettingsView.swift */,
				4A94D77931F2A00100A1B001 /* RemoteActivityURLAction.swift */,
				4A94D78131F2A00100A1B001 /* RemoteActivityAttributes.swift */,
				4A94D78331F2A00100A1B001 /* RemoteLiveActivityManager.swift */,
				84B3033C2F31076300A7D19E /* Chau7RemoteApp */,
				F1A4000831F2A00100A1B001 /* Chau7RemoteWidget */,
				84B3033B2F31076300A7D19E /* Products */,
			);
			sourceTree = "<group>";
		};
		84B3033B2F31076300A7D19E /* Products */ = {
			isa = PBXGroup;
			children = (
				84B3033A2F31076300A7D19E /* Chau7RemoteApp.app */,
				4A94D78931F2A00100A1B001 /* Chau7RemoteWidget.appex */,
			);
			name = Products;
			sourceTree = "<group>";
		};
		F1A4000831F2A00100A1B001 /* Chau7RemoteWidget */ = {
			isa = PBXGroup;
			children = (
				4A94D78531F2A00100A1B001 /* Chau7RemoteWidget.swift */,
				4A94D78831F2A00100A1B001 /* Info.plist */,
			);
			path = ../Chau7RemoteWidget;
			sourceTree = "<group>";
		};
/* End PBXGroup section */

/* Begin PBXNativeTarget section */
		84B303392F31076300A7D19E /* Chau7RemoteApp */ = {
			isa = PBXNativeTarget;
			buildConfigurationList = 84B303452F31076400A7D19E /* Build configuration list for PBXNativeTarget "Chau7RemoteApp" */;
			buildPhases = (
				84B303362F31076300A7D19E /* Sources */,
				84B303372F31076300A7D19E /* Frameworks */,
				84B303382F31076300A7D19E /* Resources */,
				F1A4000731F2A00100A1B001 /* Embed App Extensions */,
			);
			buildRules = (
			);
			dependencies = (
				F1A4000C31F2A00100A1B001 /* PBXTargetDependency */,
			);
			fileSystemSynchronizedGroups = (
				84B3033C2F31076300A7D19E /* Chau7RemoteApp */,
			);
			name = Chau7RemoteApp;
			packageProductDependencies = (
				A34D4B59796146F1BDF72F8E /* Chau7Core */,
			);
			productName = Chau7RemoteApp;
			productReference = 84B3033A2F31076300A7D19E /* Chau7RemoteApp.app */;
			productType = "com.apple.product-type.application";
		};
		F1A4000531F2A00100A1B001 /* Chau7RemoteWidget */ = {
			isa = PBXNativeTarget;
			buildConfigurationList = F1A4001131F2A00100A1B001 /* Build configuration list for PBXNativeTarget "Chau7RemoteWidget" */;
			buildPhases = (
				F1A4000A31F2A00100A1B001 /* Sources */,
				F1A4000931F2A00100A1B001 /* Frameworks */,
				F1A4000B31F2A00100A1B001 /* Resources */,
			);
			buildRules = (
			);
			dependencies = (
			);
			name = Chau7RemoteWidget;
			packageProductDependencies = (
				F1A4000031F2A00100A1B001 /* Chau7Core */,
			);
			productName = Chau7RemoteWidget;
			productReference = 4A94D78931F2A00100A1B001 /* Chau7RemoteWidget.appex */;
			productType = "com.apple.product-type.app-extension";
		};
/* End PBXNativeTarget section */

/* Begin PBXProject section */
		84B303322F31076300A7D19E /* Project object */ = {
			isa = PBXProject;
			attributes = {
				BuildIndependentTargetsInParallel = 1;
				LastSwiftUpdateCheck = 2620;
				LastUpgradeCheck = 2620;
				TargetAttributes = {
					84B303392F31076300A7D19E = {
						CreatedOnToolsVersion = 26.2;
					};
					F1A4000531F2A00100A1B001 = {
						CreatedOnToolsVersion = 26.2;
					};
				};
			};
			buildConfigurationList = 84B303352F31076300A7D19E /* Build configuration list for PBXProject "Chau7RemoteApp" */;
			developmentRegion = en;
			hasScannedForEncodings = 0;
			knownRegions = (
				en,
				Base,
			);
			mainGroup = 84B303312F31076300A7D19E;
			minimizedProjectReferenceProxies = 1;
			packageReferences = (
				5C2E7B15EB3E402A85885103 /* XCLocalSwiftPackageReference "../../chau7-macos" */,
			);
			preferredProjectObjectVersion = 77;
			productRefGroup = 84B3033B2F31076300A7D19E /* Products */;
			projectDirPath = "";
			projectRoot = "";
			targets = (
				84B303392F31076300A7D19E /* Chau7RemoteApp */,
				F1A4000531F2A00100A1B001 /* Chau7RemoteWidget */,
			);
		};
/* End PBXProject section */

/* Begin PBXResourcesBuildPhase section */
		84B303382F31076300A7D19E /* Resources */ = {
			isa = PBXResourcesBuildPhase;
			buildActionMask = 2147483647;
			files = (
			);
			runOnlyForDeploymentPostprocessing = 0;
		};
		F1A4000B31F2A00100A1B001 /* Resources */ = {
			isa = PBXResourcesBuildPhase;
			buildActionMask = 2147483647;
			files = (
			);
			runOnlyForDeploymentPostprocessing = 0;
		};
/* End PBXResourcesBuildPhase section */

/* Begin PBXSourcesBuildPhase section */
		84B303362F31076300A7D19E /* Sources */ = {
			isa = PBXSourcesBuildPhase;
			buildActionMask = 2147483647;
			files = (
				4A94D77631F2A00100A1B001 /* ApprovalsView.swift in Sources */,
				4A94D78231F2A00100A1B001 /* RemoteActivityAttributes.swift in Sources */,
				4A94D78431F2A00100A1B001 /* RemoteLiveActivityManager.swift in Sources */,
				4A94D78031F2A00100A1B001 /* RemoteActivityURLAction.swift in Sources */,
				4A94D77231F2A00100A1B001 /* RemoteModels.swift in Sources */,
				4A94D77831F2A00100A1B001 /* SettingsView.swift in Sources */,
				4A94D77431F2A00100A1B001 /* TerminalView.swift in Sources */,
				84B3034D2F3107BB00A7D19E /* KeychainStore.swift in Sources */,
				84B3034E2F3107BB00A7D19E /* RemoteCrypto.swift in Sources */,
				84B3034F2F3107BB00A7D19E /* PairingSheetView.swift in Sources */,
				84B303502F3107BB00A7D19E /* Chau7RemoteApp.swift in Sources */,
				84B303512F3107BB00A7D19E /* RemoteClient.swift in Sources */,
			);
			runOnlyForDeploymentPostprocessing = 0;
		};
		F1A4000A31F2A00100A1B001 /* Sources */ = {
			isa = PBXSourcesBuildPhase;
			buildActionMask = 2147483647;
			files = (
				4A94D78731F2A00100A1B001 /* RemoteActivityAttributes.swift in Sources */,
				4A94D78631F2A00100A1B001 /* Chau7RemoteWidget.swift in Sources */,
			);
			runOnlyForDeploymentPostprocessing = 0;
		};
/* End PBXSourcesBuildPhase section */

/* Begin PBXTargetDependency section */
		F1A4000C31F2A00100A1B001 /* PBXTargetDependency */ = {
			isa = PBXTargetDependency;
			target = F1A4000531F2A00100A1B001 /* Chau7RemoteWidget */;
			targetProxy = F1A4000631F2A00100A1B001 /* PBXContainerItemProxy */;
		};
/* End PBXTargetDependency section */

/* Begin XCBuildConfiguration section */
		84B303432F31076400A7D19E /* Debug */ = {
			isa = XCBuildConfiguration;
			buildSettings = {
				ALWAYS_SEARCH_USER_PATHS = NO;
				ASSETCATALOG_COMPILER_GENERATE_SWIFT_ASSET_SYMBOL_EXTENSIONS = YES;
				CLANG_ANALYZER_NONNULL = YES;
				CLANG_ANALYZER_NUMBER_OBJECT_CONVERSION = YES_AGGRESSIVE;
				CLANG_CXX_LANGUAGE_STANDARD = "gnu++20";
				CLANG_ENABLE_MODULES = YES;
				CLANG_ENABLE_OBJC_ARC = YES;
				CLANG_ENABLE_OBJC_WEAK = YES;
				CLANG_WARN_BLOCK_CAPTURE_AUTORELEASING = YES;
				CLANG_WARN_BOOL_CONVERSION = YES;
				CLANG_WARN_COMMA = YES;
				CLANG_WARN_CONSTANT_CONVERSION = YES;
				CLANG_WARN_DEPRECATED_OBJC_IMPLEMENTATIONS = YES;
				CLANG_WARN_DIRECT_OBJC_ISA_USAGE = YES_ERROR;
				CLANG_WARN_DOCUMENTATION_COMMENTS = YES;
				CLANG_WARN_EMPTY_BODY = YES;
				CLANG_WARN_ENUM_CONVERSION = YES;
				CLANG_WARN_INFINITE_RECURSION = YES;
				CLANG_WARN_INT_CONVERSION = YES;
				CLANG_WARN_NON_LITERAL_NULL_CONVERSION = YES;
				CLANG_WARN_OBJC_IMPLICIT_RETAIN_SELF = YES;
				CLANG_WARN_OBJC_LITERAL_CONVERSION = YES;
				CLANG_WARN_OBJC_ROOT_CLASS = YES_ERROR;
				CLANG_WARN_QUOTED_INCLUDE_IN_FRAMEWORK_HEADER = YES;
				CLANG_WARN_RANGE_LOOP_ANALYSIS = YES;
				CLANG_WARN_STRICT_PROTOTYPES = YES;
				CLANG_WARN_SUSPICIOUS_MOVE = YES;
				CLANG_WARN_UNGUARDED_AVAILABILITY = YES_AGGRESSIVE;
				CLANG_WARN_UNREACHABLE_CODE = YES;
				CLANG_WARN__DUPLICATE_METHOD_MATCH = YES;
				COPY_PHASE_STRIP = NO;
				DEBUG_INFORMATION_FORMAT = dwarf;
				DEVELOPMENT_TEAM = N69N8XYVF6;
				ENABLE_STRICT_OBJC_MSGSEND = YES;
				ENABLE_TESTABILITY = YES;
				ENABLE_USER_SCRIPT_SANDBOXING = YES;
				GCC_C_LANGUAGE_STANDARD = gnu17;
				GCC_DYNAMIC_NO_PIC = NO;
				GCC_NO_COMMON_BLOCKS = YES;
				GCC_OPTIMIZATION_LEVEL = 0;
				GCC_PREPROCESSOR_DEFINITIONS = (
					"DEBUG=1",
					"$(inherited)",
				);
				GCC_WARN_64_TO_32_BIT_CONVERSION = YES;
				GCC_WARN_ABOUT_RETURN_TYPE = YES_ERROR;
				GCC_WARN_UNDECLARED_SELECTOR = YES;
				GCC_WARN_UNINITIALIZED_AUTOS = YES_AGGRESSIVE;
				GCC_WARN_UNUSED_FUNCTION = YES;
				GCC_WARN_UNUSED_VARIABLE = YES;
				IPHONEOS_DEPLOYMENT_TARGET = 26.2;
				LOCALIZATION_PREFERS_STRING_CATALOGS = YES;
				MTL_ENABLE_DEBUG_INFO = INCLUDE_SOURCE;
				MTL_FAST_MATH = YES;
				ONLY_ACTIVE_ARCH = YES;
				SDKROOT = iphoneos;
				SWIFT_ACTIVE_COMPILATION_CONDITIONS = "DEBUG $(inherited)";
				SWIFT_OPTIMIZATION_LEVEL = "-Onone";
			};
			name = Debug;
		};
		84B303442F31076400A7D19E /* Release */ = {
			isa = XCBuildConfiguration;
			buildSettings = {
				ALWAYS_SEARCH_USER_PATHS = NO;
				ASSETCATALOG_COMPILER_GENERATE_SWIFT_ASSET_SYMBOL_EXTENSIONS = YES;
				CLANG_ANALYZER_NONNULL = YES;
				CLANG_ANALYZER_NUMBER_OBJECT_CONVERSION = YES_AGGRESSIVE;
				CLANG_CXX_LANGUAGE_STANDARD = "gnu++20";
				CLANG_ENABLE_MODULES = YES;
				CLANG_ENABLE_OBJC_ARC = YES;
				CLANG_ENABLE_OBJC_WEAK = YES;
				CLANG_WARN_BLOCK_CAPTURE_AUTORELEASING = YES;
				CLANG_WARN_BOOL_CONVERSION = YES;
				CLANG_WARN_COMMA = YES;
				CLANG_WARN_CONSTANT_CONVERSION = YES;
				CLANG_WARN_DEPRECATED_OBJC_IMPLEMENTATIONS = YES;
				CLANG_WARN_DIRECT_OBJC_ISA_USAGE = YES_ERROR;
				CLANG_WARN_DOCUMENTATION_COMMENTS = YES;
				CLANG_WARN_EMPTY_BODY = YES;
				CLANG_WARN_ENUM_CONVERSION = YES;
				CLANG_WARN_INFINITE_RECURSION = YES;
				CLANG_WARN_INT_CONVERSION = YES;
				CLANG_WARN_NON_LITERAL_NULL_CONVERSION = YES;
				CLANG_WARN_OBJC_IMPLICIT_RETAIN_SELF = YES;
				CLANG_WARN_OBJC_LITERAL_CONVERSION = YES;
				CLANG_WARN_OBJC_ROOT_CLASS = YES_ERROR;
				CLANG_WARN_QUOTED_INCLUDE_IN_FRAMEWORK_HEADER = YES;
				CLANG_WARN_RANGE_LOOP_ANALYSIS = YES;
				CLANG_WARN_STRICT_PROTOTYPES = YES;
				CLANG_WARN_SUSPICIOUS_MOVE = YES;
				CLANG_WARN_UNGUARDED_AVAILABILITY = YES_AGGRESSIVE;
				CLANG_WARN_UNREACHABLE_CODE = YES;
				CLANG_WARN__DUPLICATE_METHOD_MATCH = YES;
				COPY_PHASE_STRIP = NO;
				DEBUG_INFORMATION_FORMAT = "dwarf-with-dsym";
				DEVELOPMENT_TEAM = N69N8XYVF6;
				ENABLE_NS_ASSERTIONS = NO;
				ENABLE_STRICT_OBJC_MSGSEND = YES;
				ENABLE_USER_SCRIPT_SANDBOXING = YES;
				GCC_C_LANGUAGE_STANDARD = gnu17;
				GCC_NO_COMMON_BLOCKS = YES;
				GCC_WARN_64_TO_32_BIT_CONVERSION = YES;
				GCC_WARN_ABOUT_RETURN_TYPE = YES_ERROR;
				GCC_WARN_UNDECLARED_SELECTOR = YES;
				GCC_WARN_UNINITIALIZED_AUTOS = YES_AGGRESSIVE;
				GCC_WARN_UNUSED_FUNCTION = YES;
				GCC_WARN_UNUSED_VARIABLE = YES;
				IPHONEOS_DEPLOYMENT_TARGET = 26.2;
				LOCALIZATION_PREFERS_STRING_CATALOGS = YES;
				MTL_ENABLE_DEBUG_INFO = NO;
				MTL_FAST_MATH = YES;
				SDKROOT = iphoneos;
				SWIFT_COMPILATION_MODE = wholemodule;
				VALIDATE_PRODUCT = YES;
			};
			name = Release;
		};
		84B303462F31076400A7D19E /* Debug */ = {
			isa = XCBuildConfiguration;
			buildSettings = {
				ASSETCATALOG_COMPILER_APPICON_NAME = AppIcon;
				ASSETCATALOG_COMPILER_GLOBAL_ACCENT_COLOR_NAME = AccentColor;
				CODE_SIGN_STYLE = Automatic;
				CURRENT_PROJECT_VERSION = 1;
				DEVELOPMENT_TEAM = N69N8XYVF6;
				ENABLE_PREVIEWS = YES;
				GENERATE_INFOPLIST_FILE = NO;
				INFOPLIST_FILE = Info.plist;
				INFOPLIST_KEY_UIApplicationSceneManifest_Generation = YES;
				INFOPLIST_KEY_UIApplicationSupportsIndirectInputEvents = YES;
				INFOPLIST_KEY_UILaunchScreen_Generation = YES;
				INFOPLIST_KEY_UISupportedInterfaceOrientations_iPad = "UIInterfaceOrientationPortrait UIInterfaceOrientationPortraitUpsideDown UIInterfaceOrientationLandscapeLeft UIInterfaceOrientationLandscapeRight";
				INFOPLIST_KEY_UISupportedInterfaceOrientations_iPhone = "UIInterfaceOrientationPortrait UIInterfaceOrientationLandscapeLeft UIInterfaceOrientationLandscapeRight";
				LD_RUNPATH_SEARCH_PATHS = (
					"$(inherited)",
					"@executable_path/Frameworks",
				);
				MARKETING_VERSION = 1.0;
				PRODUCT_BUNDLE_IDENTIFIER = com.chau7.remote.Chau7RemoteApp;
				PRODUCT_NAME = "$(TARGET_NAME)";
				STRING_CATALOG_GENERATE_SYMBOLS = YES;
				SWIFT_APPROACHABLE_CONCURRENCY = YES;
				SWIFT_DEFAULT_ACTOR_ISOLATION = MainActor;
				SWIFT_EMIT_LOC_STRINGS = YES;
				SWIFT_UPCOMING_FEATURE_MEMBER_IMPORT_VISIBILITY = YES;
				SWIFT_VERSION = 5.0;
				TARGETED_DEVICE_FAMILY = "1,2";
			};
			name = Debug;
		};
		84B303472F31076400A7D19E /* Release */ = {
			isa = XCBuildConfiguration;
			buildSettings = {
				ASSETCATALOG_COMPILER_APPICON_NAME = AppIcon;
				ASSETCATALOG_COMPILER_GLOBAL_ACCENT_COLOR_NAME = AccentColor;
				CODE_SIGN_STYLE = Automatic;
				CURRENT_PROJECT_VERSION = 1;
				DEVELOPMENT_TEAM = N69N8XYVF6;
				ENABLE_PREVIEWS = YES;
				GENERATE_INFOPLIST_FILE = NO;
				INFOPLIST_FILE = Info.plist;
				INFOPLIST_KEY_UIApplicationSceneManifest_Generation = YES;
				INFOPLIST_KEY_UIApplicationSupportsIndirectInputEvents = YES;
				INFOPLIST_KEY_UILaunchScreen_Generation = YES;
				INFOPLIST_KEY_UISupportedInterfaceOrientations_iPad = "UIInterfaceOrientationPortrait UIInterfaceOrientationPortraitUpsideDown UIInterfaceOrientationLandscapeLeft UIInterfaceOrientationLandscapeRight";
				INFOPLIST_KEY_UISupportedInterfaceOrientations_iPhone = "UIInterfaceOrientationPortrait UIInterfaceOrientationLandscapeLeft UIInterfaceOrientationLandscapeRight";
				LD_RUNPATH_SEARCH_PATHS = (
					"$(inherited)",
					"@executable_path/Frameworks",
				);
				MARKETING_VERSION = 1.0;
				PRODUCT_BUNDLE_IDENTIFIER = com.chau7.remote.Chau7RemoteApp;
				PRODUCT_NAME = "$(TARGET_NAME)";
				STRING_CATALOG_GENERATE_SYMBOLS = YES;
				SWIFT_APPROACHABLE_CONCURRENCY = YES;
				SWIFT_DEFAULT_ACTOR_ISOLATION = MainActor;
				SWIFT_EMIT_LOC_STRINGS = YES;
				SWIFT_UPCOMING_FEATURE_MEMBER_IMPORT_VISIBILITY = YES;
				SWIFT_VERSION = 5.0;
				TARGETED_DEVICE_FAMILY = "1,2";
			};
			name = Release;
		};
		F1A4000D31F2A00100A1B001 /* Debug */ = {
			isa = XCBuildConfiguration;
			buildSettings = {
				CODE_SIGN_STYLE = Automatic;
				CURRENT_PROJECT_VERSION = 1;
				DEVELOPMENT_TEAM = N69N8XYVF6;
				GENERATE_INFOPLIST_FILE = NO;
				INFOPLIST_FILE = ../Chau7RemoteWidget/Info.plist;
				IPHONEOS_DEPLOYMENT_TARGET = 26.2;
				LD_RUNPATH_SEARCH_PATHS = (
					"$(inherited)",
					"@executable_path/Frameworks",
					"@executable_path/../../Frameworks",
				);
				MARKETING_VERSION = 1.0;
				PRODUCT_BUNDLE_IDENTIFIER = com.chau7.remote.Chau7RemoteApp.Chau7RemoteWidget;
				PRODUCT_NAME = "$(TARGET_NAME)";
				SKIP_INSTALL = YES;
				STRING_CATALOG_GENERATE_SYMBOLS = YES;
				SWIFT_APPROACHABLE_CONCURRENCY = YES;
				SWIFT_DEFAULT_ACTOR_ISOLATION = MainActor;
				SWIFT_EMIT_LOC_STRINGS = YES;
				SWIFT_UPCOMING_FEATURE_MEMBER_IMPORT_VISIBILITY = YES;
				SWIFT_VERSION = 5.0;
				TARGETED_DEVICE_FAMILY = "1,2";
			};
			name = Debug;
		};
		F1A4000E31F2A00100A1B001 /* Release */ = {
			isa = XCBuildConfiguration;
			buildSettings = {
				CODE_SIGN_STYLE = Automatic;
				CURRENT_PROJECT_VERSION = 1;
				DEVELOPMENT_TEAM = N69N8XYVF6;
				GENERATE_INFOPLIST_FILE = NO;
				INFOPLIST_FILE = ../Chau7RemoteWidget/Info.plist;
				IPHONEOS_DEPLOYMENT_TARGET = 26.2;
				LD_RUNPATH_SEARCH_PATHS = (
					"$(inherited)",
					"@executable_path/Frameworks",
					"@executable_path/../../Frameworks",
				);
				MARKETING_VERSION = 1.0;
				PRODUCT_BUNDLE_IDENTIFIER = com.chau7.remote.Chau7RemoteApp.Chau7RemoteWidget;
				PRODUCT_NAME = "$(TARGET_NAME)";
				SKIP_INSTALL = YES;
				STRING_CATALOG_GENERATE_SYMBOLS = YES;
				SWIFT_APPROACHABLE_CONCURRENCY = YES;
				SWIFT_DEFAULT_ACTOR_ISOLATION = MainActor;
				SWIFT_EMIT_LOC_STRINGS = YES;
				SWIFT_UPCOMING_FEATURE_MEMBER_IMPORT_VISIBILITY = YES;
				SWIFT_VERSION = 5.0;
				TARGETED_DEVICE_FAMILY = "1,2";
			};
			name = Release;
		};
/* End XCBuildConfiguration section */

/* Begin XCConfigurationList section */
		84B303352F31076300A7D19E /* Build configuration list for PBXProject "Chau7RemoteApp" */ = {
			isa = XCConfigurationList;
			buildConfigurations = (
				84B303432F31076400A7D19E /* Debug */,
				84B303442F31076400A7D19E /* Release */,
			);
			defaultConfigurationIsVisible = 0;
			defaultConfigurationName = Release;
		};
		84B303452F31076400A7D19E /* Build configuration list for PBXNativeTarget "Chau7RemoteApp" */ = {
			isa = XCConfigurationList;
			buildConfigurations = (
				84B303462F31076400A7D19E /* Debug */,
				84B303472F31076400A7D19E /* Release */,
			);
			defaultConfigurationIsVisible = 0;
			defaultConfigurationName = Release;
		};
		F1A4001131F2A00100A1B001 /* Build configuration list for PBXNativeTarget "Chau7RemoteWidget" */ = {
			isa = XCConfigurationList;
			buildConfigurations = (
				F1A4000D31F2A00100A1B001 /* Debug */,
				F1A4000E31F2A00100A1B001 /* Release */,
			);
			defaultConfigurationIsVisible = 0;
			defaultConfigurationName = Release;
		};
/* End XCConfigurationList section */

/* Begin XCLocalSwiftPackageReference section */
		5C2E7B15EB3E402A85885103 /* XCLocalSwiftPackageReference "../../chau7-macos" */ = {
			isa = XCLocalSwiftPackageReference;
			relativePath = "../../chau7-macos";
		};
/* End XCLocalSwiftPackageReference section */

/* Begin XCSwiftPackageProductDependency section */
		A34D4B59796146F1BDF72F8E /* Chau7Core */ = {
			isa = XCSwiftPackageProductDependency;
			package = 5C2E7B15EB3E402A85885103 /* XCLocalSwiftPackageReference "../../chau7-macos" */;
			productName = Chau7Core;
		};
		F1A4000031F2A00100A1B001 /* Chau7Core */ = {
			isa = XCSwiftPackageProductDependency;
			package = 5C2E7B15EB3E402A85885103 /* XCLocalSwiftPackageReference "../../chau7-macos" */;
			productName = Chau7Core;
		};
/* End XCSwiftPackageProductDependency section */
	};
	rootObject = 84B303322F31076300A7D19E /* Project object */;
}
